github.com/OneOfOne/xxhash v1.2.2 h1:KMrpdQIwFcEqXDklaen+P1axHaj9BSKzvpUUfnHldSE=
github.com/OneOfOne/xxhash v1.2.2/go.mod h1:HSdplMjZKSmBqAxg5vPj2TmRDmfkzw+cTzAElWljhcU=
github.com/bradfitz/gomemcache v0.0.0-20190913173617-a41fca850d0b h1:L/QXpzIa3pOvUGt1D1lA5KjYhPBAN/3iWdP7xeFS9F0=
github.com/bradfitz/gomemcache v0.0.0-20190913173617-a41fca850d0b/go.mod h1:H0wQNHz2YrLsuXOZozoeDmnHXkNCRmMW0gwFWDfEZDA=
github.com/cespare/xxhash v1.1.0 h1:a6HrQnmkObjyL+Gs60czilIUGqrzKutQD6XZog3p+ko=
github.com/cespare/xxhash v1.1.0/go.mod h1:XrSqR1VqqWfGrhpAt58auRo0WTKS1nRRg3ghfAqPWnc=
github.com/coocood/freecache v1.1.0 h1:ENiHOsWdj1BrrlPwblhbn4GdAsMymK3pZORJ+bJGAjA=
github.com/coocood/freecache v1.1.0/go.mod h1:ePwxCDzOYvARfHdr1pByNct1at3CoKnsipOHwKlNbzI=
github.com/davecgh/go-spew v1.1.0/go.mod h1:J7Y8YcW2NihsgmVo/mv3lAwl/skON4iLHjSsI+c5H38=
github.com/davecgh/go-spew v1.1.1 h1:vj9j/u1bqnvCEfJOwUhtlOARqs3+rkHYY13jYWTU97c=
github.com/davecgh/go-spew v1.1.1/go.mod h1:J7Y8YcW2NihsgmVo/mv3lAwl/skON4iLHjSsI+c5H38=
github.com/golang/snappy v0.0.1 h1:Qgr9rKW7uDUkrbSmQeiDsGa8SjGyCOGtuasMWwvp2P4=
github.com/golang/snappy v0.0.1/go.mod h1:/XxbfmMg8lxefKM7IXC3fBNl/7bRcc72aCRzEWrmP2Q=
github.com/kavu/go_reuseport v1.4.0 h1:YIp/96RZ3sJfn0LN+FFkkXIq3H3dfVOdRUtNejhDcxc=
github.com/kavu/go_reuseport v1.4.0/go.mod h1:CG8Ee7ceMFSMnx/xr25Vm0qXaj2Z4i5PWoUx+JZ5/CU=
github.com/pmezard/go-difflib v1.0.0 h1:4DBwDE0NGyQoBHbLQYPwSUPoCMWR5BEzIk/f1lZbAQM=
github.com/pmezard/go-difflib v1.0.0/go.mod h1:iKH77koFhYxTK1pcRnkKkqfTogsbg7gZNVY4sRDYZ/4=
github.com/recoilme/sniper v0.1.1 h1:wfbLandgrTMWZNqZ+xDUiK4DDcuIAR5Pm5w/sLnAM9I=
github.com/recoilme/sniper v0.1.1/go.mod h1:8Q9MpI//VA5hQygl7oyRqym6B5vz/qZNGfF2a5BKNYI=
github.com/spaolacci/murmur3 v0.0.0-20180118202830-f09979ecbc72 h1:qLC7fQah7D6K1B0ujays3HV9gkFtllcxhzImRR7ArPQ=
github.com/spaolacci/murmur3 v0.0.0-20180118202830-f09979ecbc72/go.mod h1:JwIasOWyU6f++ZhiEuf87xNszmSA2myDM2Kzu9HwQUA=
github.com/spaolacci/murmur3 v1.1.0 h1:7c1g84S4BPRrfL5Xrdp6fOJ206sU9y293DDHaoy0bLI=
github.com/spaolacci/murmur3 v1.1.0/go.mod h1:JwIasOWyU6f++ZhiEuf87xNszmSA2myDM2Kzu9HwQUA=
github.com/stretchr/objx v0.1.0/go.mod h1:HFkY916IF+rwdDfMAkV7OtwuqBVzrE8GR6GFx+wExME=
github.com/stretchr/testify v1.4.0 h1:2E4SXV/wtOkTonXsotYi4li6zVWxYlZuYNCXe9XRJyk=
github.com/stretchr/testify v1.4.0/go.mod h1:j7eGeouHqKxXV5pUuKE4zz7dFj8WfuZ+81PSLYec5m4=
github.com/tidwall/evio v1.0.2 h1:vhPp5nVS5PZfR0CfV5ixqDEf+BKQFcaR1W1XeLLkvRE=
github.com/tidwall/evio v1.0.2/go.mod h1:cYtY49LddNrlpsOmW7qJnqM8B2gOjrFrzT8+Fnb/GKs=
github.com/tidwall/lotsa v0.0.0-20190911211615-e96c7fea75f1 h1:0UUWztiFKCvA2j2Pr0xnTIgoVibr824SSqqjstZtGx8=
github.com/tidwall/lotsa v0.0.0-20190911211615-e96c7fea75f1/go.mod h1:X6NiU+4yHA3fE3Puvpnn1XMDrFZrE9JO2/w+UMuqgR8=
gopkg.in/check.v1 v0.0.0-20161208181325-20d25e280405 h1:yhCVgyC4o1eVCa2tZl7eS0r+SDo693bJlVdllGtEeKM=
gopkg.in/check.v1 v0.0.0-20161208181325-20d25e280405/go.mod h1:Co6ibVJAznAaIkqp8huTwlJQCZ016jof/cbN4VW5Yz0=
gopkg.in/yaml.v2 v2.2.2 h1:ZCJp+EgiOT7lHqUV2J862kp8Qj64Jo6az82+3Td9dZw=
gopkg.in/yaml.v2 v2.2.2/go.mod h1:hI93XBmqTisBFMUTm0b8Fm+jr3Dg1NNxqwp+5A1VGuI=
