github.com/OneOfOne/xxhash v1.2.2/go.mod h1:HSdplMjZKSmBqAxg5vPj2TmRDmfkzw+cTzAElWljhcU=
github.com/cespare/xxhash v1.1.0 h1:a6HrQnmkObjyL+Gs60czilIUGqrzKutQD6XZog3p+ko=
github.com/cespare/xxhash v1.1.0/go.mod h1:XrSqR1VqqWfGrhpAt58auRo0WTKS1nRRg3ghfAqPWnc=
github.com/cespare/xxhash/v2 v2.1.0 h1:yTUvW7Vhb89inJ+8irsUqiWjh8iT6sQPZiQzI6ReGkA=
github.com/cespare/xxhash/v2 v2.1.0/go.mod h1:dgIUBU3pDso/gPgZ1osOZ0iQf77oPR28Tjxl5dIMyVM=
github.com/coocood/freecache v1.1.0 h1:ENiHOsWdj1BrrlPwblhbn4GdAsMymK3pZORJ+bJGAjA=
github.com/coocood/freecache v1.1.0/go.mod h1:ePwxCDzOYvARfHdr1pByNct1at3CoKnsipOHwKlNbzI=
github.com/davecgh/go-spew v1.1.0/go.mod h1:J7Y8YcW2NihsgmVo/mv3lAwl/skON4iLHjSsI+c5H38=
github.com/davecgh/go-spew v1.1.1/go.mod h1:J7Y8YcW2NihsgmVo/mv3lAwl/skON4iLHjSsI+c5H38=
github.com/dgraph-io/ristretto v0.0.0-20191001142246-d963fa241740 h1:+fZBt6g+CiijixkaOk4mAFbFQGHK9fFYl1Udh67+v7g=
github.com/dgraph-io/ristretto v0.0.0-20191001142246-d963fa241740/go.mod h1:jg4yDfbNNmxP2Nq5Z7MbyQrXyl/syIRF2LnbbxqViho=
github.com/dgryski/go-farm v0.0.0-20190423205320-6a90982ecee2/go.mod h1:SqUrOPUnsFjfmXRMNPybcSiG0BgUW2AuFH8PAnS2iTw=
github.com/dgryski/go-metro v0.0.0-20180109044635-280f6062b5bc h1:8WFBn63wegobsYAX0YjD+8suexZDga5CctH4CCTx2+8=
github.com/dgryski/go-metro v0.0.0-20180109044635-280f6062b5bc/go.mod h1:c9O8+fpSOX1DM8cPNSkX/qsBWdkD4yd2dpciOWQjpBw=
github.com/pmezard/go-difflib v1.0.0/go.mod h1:iKH77koFhYxTK1pcRnkKkqfTogsbg7gZNVY4sRDYZ/4=
github.com/recoilme/mcproto v0.0.1 h1:kL0chSNzzIjR8E1RsrekYUi1LfzBd1SVAKn7GxyuN2E=
github.com/recoilme/mcproto v0.0.1/go.mod h1:JDNS0Kl0TKRPldM40qlyJmJ8R2lg07j+3wL9HCnvkiM=
github.com/recoilme/sniper v0.0.3 h1:evLLpwlM0wWAlLWmCqpc/qRMlCIETy3UEDu5BloYnAE=
github.com/recoilme/sniper v0.0.3/go.mod h1:1Pq97qOz7QkJSY8WaICG2rxXESZzEtUXeN6u5tmBwPA=
github.com/seiflotfy/cuckoofilter v0.0.0-20190302225222-764cb5258d9b h1:SGOmZdowDRBneehO5PnMaUEWyFgqfQaveiT2mLd6fp4=
github.com/seiflotfy/cuckoofilter v0.0.0-20190302225222-764cb5258d9b/go.mod h1:ET5mVvNjwaGXRgZxO9UZr7X+8eAf87AfIYNwRSp9s4Y=
github.com/spaolacci/murmur3 v0.0.0-20180118202830-f09979ecbc72/go.mod h1:JwIasOWyU6f++ZhiEuf87xNszmSA2myDM2Kzu9HwQUA=
github.com/stretchr/objx v0.1.0/go.mod h1:HFkY916IF+rwdDfMAkV7OtwuqBVzrE8GR6GFx+wExME=
github.com/stretchr/testify v1.3.0/go.mod h1:M5WIy9Dh21IEIfnGCwXGc5bZfKNJtfHm1UVUgZn+9EI=
github.com/stretchr/testify v1.4.0/go.mod h1:j7eGeouHqKxXV5pUuKE4zz7dFj8WfuZ+81PSLYec5m4=
github.com/tidwall/lotsa v0.0.0-20190911211615-e96c7fea75f1 h1:0UUWztiFKCvA2j2Pr0xnTIgoVibr824SSqqjstZtGx8=
github.com/tidwall/lotsa v0.0.0-20190911211615-e96c7fea75f1/go.mod h1:X6NiU+4yHA3fE3Puvpnn1XMDrFZrE9JO2/w+UMuqgR8=
gopkg.in/check.v1 v0.0.0-20161208181325-20d25e280405/go.mod h1:Co6ibVJAznAaIkqp8huTwlJQCZ016jof/cbN4VW5Yz0=
gopkg.in/yaml.v2 v2.2.2/go.mod h1:hI93XBmqTisBFMUTm0b8Fm+jr3Dg1NNxqwp+5A1VGuI=
